
Microsoft Visual Studio Solution File, Format Version 12.00
# Visual Studio Version 17
VisualStudioVersion = 17.4.33213.308
MinimumVisualStudioVersion = 10.0.40219.1
Project("{54A90642-561A-4BB1-A94E-469ADEE60C69}") = "AngularLearningProject", "AngularLearningProject.esproj", "{1052212D-B8FF-4DFC-8526-7BDEAF0CB579}"
EndProject
Project("{9A19103F-16F7-4668-BE54-9A1E7A4F7556}") = "AngularLearningProjectBackEnd", "..\AngularLearningProjectBackEnd\AngularLearningProjectBackEnd.csproj", "{2B615144-A271-47C5-8B4D-8A92172C802D}"
EndProject
Global
	GlobalSection(SolutionConfigurationPlatforms) = preSolution
		Debug|Any CPU = Debug|Any CPU
		Release|Any CPU = Release|Any CPU
	EndGlobalSection
	GlobalSection(ProjectConfigurationPlatforms) = postSolution
		{1052212D-B8FF-4DFC-8526-7BDEAF0CB579}.Debug|Any CPU.ActiveCfg = Debug|Any CPU
		{1052212D-B8FF-4DFC-8526-7BDEAF0CB579}.Debug|Any CPU.Build.0 = Debug|Any CPU
		{1052212D-B8FF-4DFC-8526-7BDEAF0CB579}.Debug|Any CPU.Deploy.0 = Debug|Any CPU
		{1052212D-B8FF-4DFC-8526-7BDEAF0CB579}.Release|Any CPU.ActiveCfg = Release|Any CPU
		{1052212D-B8FF-4DFC-8526-7BDEAF0CB579}.Release|Any CPU.Build.0 = Release|Any CPU
		{1052212D-B8FF-4DFC-8526-7BDEAF0CB579}.Release|Any CPU.Deploy.0 = Release|Any CPU
		{2B615144-A271-47C5-8B4D-8A92172C802D}.Debug|Any CPU.ActiveCfg = Debug|Any CPU
		{2B615144-A271-47C5-8B4D-8A92172C802D}.Debug|Any CPU.Build.0 = Debug|Any CPU
		{2B615144-A271-47C5-8B4D-8A92172C802D}.Release|Any CPU.ActiveCfg = Release|Any CPU
		{2B615144-A271-47C5-8B4D-8A92172C802D}.Release|Any CPU.Build.0 = Release|Any CPU
	EndGlobalSection
	GlobalSection(SolutionProperties) = preSolution
		HideSolutionNode = FALSE
	EndGlobalSection
	GlobalSection(ExtensibilityGlobals) = postSolution
		SolutionGuid = {121F43A2-90AE-416D-9904-92E73D2688D3}
	EndGlobalSection
EndGlobal
